
Microsoft Visual Studio Solution File, Format Version 12.00
# Visual Studio Version 17
VisualStudioVersion = 17.4.33213.308
MinimumVisualStudioVersion = 10.0.40219.1
Project("{FAE04EC0-301F-11D3-BF4B-00C04F79EFBC}") = "CalculoDeGastos", "CalculoDeGastos\CalculoDeGastos.csproj", "{0849E4BB-04DF-4956-B3EB-95904E5B9DE4}"
EndProject
Global
	GlobalSection(SolutionConfigurationPlatforms) = preSolution
		Debug|Any CPU = Debug|Any CPU
		Release|Any CPU = Release|Any CPU
	EndGlobalSection
	GlobalSection(ProjectConfigurationPlatforms) = postSolution
		{0849E4BB-04DF-4956-B3EB-95904E5B9DE4}.Debug|Any CPU.ActiveCfg = Debug|Any CPU
		{0849E4BB-04DF-4956-B3EB-95904E5B9DE4}.Debug|Any CPU.Build.0 = Debug|Any CPU
		{0849E4BB-04DF-4956-B3EB-95904E5B9DE4}.Release|Any CPU.ActiveCfg = Release|Any CPU
		{0849E4BB-04DF-4956-B3EB-95904E5B9DE4}.Release|Any CPU.Build.0 = Release|Any CPU
	EndGlobalSection
	GlobalSection(SolutionProperties) = preSolution
		HideSolutionNode = FALSE
	EndGlobalSection
	GlobalSection(ExtensibilityGlobals) = postSolution
		SolutionGuid = {B75BB089-5608-4214-8CDA-2EE22C43DAB9}
	EndGlobalSection
EndGlobal
